<?xml version="1.0" encoding="utf-8"?>
<Project ToolsVersion="4.0" xmlns="http://schemas.microsoft.com/developer/msbuild/2003">
  <ItemGroup>
    <Filter Include="Source Files">
      <UniqueIdentifier>{4FC737F1-C7A5-4376-A066-2A32D752A2FF}</UniqueIdentifier>
      <Extensions>cpp;c;cc;cxx;def;odl;idl;hpj;bat;asm;asmx</Extensions>
    </Filter>
    <Filter Include="Header Files">
      <UniqueIdentifier>{93995380-89BD-4b04-88EB-625FBE52EBFB}</UniqueIdentifier>
      <Extensions>h;hh;hpp;hxx;hm;inl;inc;xsd</Extensions>
    </Filter>
    <Filter Include="Resource Files">
      <UniqueIdentifier>{67DA6AB6-F800-4c08-8B7A-83BB121AAD01}</UniqueIdentifier>
      <Extensions>rc;ico;cur;bmp;dlg;rc2;rct;bin;rgs;gif;jpg;jpeg;jpe;resx;tiff;tif;png;wav;mfcribbon-ms</Extensions>
    </Filter>
    <Filter Include="Header Files\libyaml">
      <UniqueIdentifier>{7339207a-6ae8-46e8-8931-69af0785d79c}</UniqueIdentifier>
    </Filter>
    <Filter Include="Source Files\libyaml">
      <UniqueIdentifier>{60d3f9d5-0919-46d9-a7df-02fe446d5571}</UniqueIdentifier>
    </Filter>
  </ItemGroup>
  <ItemGroup>
    <ClInclude Include="YamlReader.h">
      <Filter>Header Files</Filter>
    </ClInclude>
    <ClInclude Include="libyaml\yaml.h">
      <Filter>Header Files\libyaml</Filter>
    </ClInclude>
    <ClInclude Include="libyaml\yaml_private.h">
      <Filter>Header Files\libyaml</Filter>
    </ClInclude>
    <ClInclude Include="YamlFile.h">
      <Filter>Header Files</Filter>
    </ClInclude>
    <ClInclude Include="YamlElement.h">
      <Filter>Header Files</Filter>
    </ClInclude>
  </ItemGroup>
  <ItemGroup>
    <ClCompile Include="YamlReader.cpp">
      <Filter>Source Files</Filter>
    </ClCompile>
    <ClCompile Include="libyaml\api.c">
      <Filter>Source Files\libyaml</Filter>
    </ClCompile>
    <ClCompile Include="libyaml\dumper.c">
      <Filter>Source Files\libyaml</Filter>
    </ClCompile>
    <ClCompile Include="libyaml\emitter.c">
      <Filter>Source Files\libyaml</Filter>
    </ClCompile>
    <ClCompile Include="libyaml\loader.c">
      <Filter>Source Files\libyaml</Filter>
    </ClCompile>
    <ClCompile Include="libyaml\parser.c">
      <Filter>Source Files\libyaml</Filter>
    </ClCompile>
    <ClCompile Include="libyaml\reader.c">
      <Filter>Source Files\libyaml</Filter>
    </ClCompile>
    <ClCompile Include="libyaml\scanner.c">
      <Filter>Source Files\libyaml</Filter>
    </ClCompile>
    <ClCompile Include="libyaml\writer.c">
      <Filter>Source Files\libyaml</Filter>
    </ClCompile>
    <ClCompile Include="YamlFile.cpp">
      <Filter>Source Files</Filter>
    </ClCompile>
    <ClCompile Include="YamlElement.cpp">
      <Filter>Source Files</Filter>
    </ClCompile>
  </ItemGroup>
  <ItemGroup>
    <None Include="makefile" />
  </ItemGroup>
</Project>