
Microsoft Visual Studio Solution File, Format Version 12.00
# Visual Studio 15
VisualStudioVersion = 15.0.26403.7
MinimumVisualStudioVersion = 10.0.40219.1
Project("{2150E333-8FDC-42A3-9474-1A3956D46DE8}") = "lib", "lib", "{A6EEF765-3C6A-4CA7-BE4D-F12DDEAF3F37}"
	ProjectSection(SolutionItems) = preProject
		..\lib\makefile = ..\lib\makefile
	EndProjectSection
EndProject
Project("{8BC9CEB8-8B4A-11D0-8D11-00A0C91BC942}") = "crypto - Cryptography Library", "..\lib\crypto\crypto.vcxproj", "{D7C46057-071C-4B7A-B397-8185234AB758}"
EndProject
Project("{8BC9CEB8-8B4A-11D0-8D11-00A0C91BC942}") = "ctr - 3DS", "..\lib\ctr\ctr.vcxproj", "{B69F1C8B-3C00-4D9E-8C27-6C6A5B4CBB95}"
EndProject
Project("{8BC9CEB8-8B4A-11D0-8D11-00A0C91BC942}") = "es - Nintendo EShop", "..\lib\es\es.vcxproj", "{0F5381D5-E27F-4A1A-B6B2-9FB2A06F0846}"
EndProject
Project("{8BC9CEB8-8B4A-11D0-8D11-00A0C91BC942}") = "yaml - Yaml Parser", "..\lib\yaml\yaml.vcxproj", "{19390B8A-9A03-4A41-B054-24D5589D6CAE}"
EndProject
Project("{2150E333-8FDC-42A3-9474-1A3956D46DE8}") = "programs", "programs", "{EDCB22AF-6E4B-404B-AC2C-6D924F7EC346}"
	ProjectSection(SolutionItems) = preProject
		..\src\makefile = ..\src\makefile
	EndProjectSection
EndProject
Project("{8BC9CEB8-8B4A-11D0-8D11-00A0C91BC942}") = "ctr_makecsucia", "..\src\ctr_makecsucia\ctr_makecsucia.vcxproj", "{1FC004ED-21D2-4845-83FC-0746C5271E53}"
EndProject
Project("{2150E333-8FDC-42A3-9474-1A3956D46DE8}") = "Solution Items", "Solution Items", "{10A6D959-2FED-4D22-9254-2C5EB625F34F}"
	ProjectSection(SolutionItems) = preProject
		..\.gitignore = ..\.gitignore
	EndProjectSection
EndProject
Project("{8BC9CEB8-8B4A-11D0-8D11-00A0C91BC942}") = "keystore", "..\lib\keystore\keystore.vcxproj", "{8432B1FC-A8B2-48BC-88B2-430866DEDF63}"
EndProject
Project("{8BC9CEB8-8B4A-11D0-8D11-00A0C91BC942}") = "fnd - Foundation", "..\lib\fnd\fnd.vcxproj", "{FD7FE6FC-83DD-4BE0-B683-159C6EF09978}"
EndProject
Project("{8BC9CEB8-8B4A-11D0-8D11-00A0C91BC942}") = "nintendo - Nintendo Utils", "..\lib\nintendo\nintendo.vcxproj", "{FBEE9B2F-D13B-4ACA-B871-A04E3F7A4710}"
EndProject
Project("{8BC9CEB8-8B4A-11D0-8D11-00A0C91BC942}") = "es-tool", "..\src\es-tool\es-tool.vcxproj", "{56736513-0D30-4AFC-89FC-9A676147B7DA}"
EndProject
Global
	GlobalSection(SolutionConfigurationPlatforms) = preSolution
		Debug|x64 = Debug|x64
		Debug|x86 = Debug|x86
		Release|x64 = Release|x64
		Release|x86 = Release|x86
	EndGlobalSection
	GlobalSection(ProjectConfigurationPlatforms) = postSolution
		{D7C46057-071C-4B7A-B397-8185234AB758}.Debug|x64.ActiveCfg = Debug|x64
		{D7C46057-071C-4B7A-B397-8185234AB758}.Debug|x64.Build.0 = Debug|x64
		{D7C46057-071C-4B7A-B397-8185234AB758}.Debug|x86.ActiveCfg = Debug|Win32
		{D7C46057-071C-4B7A-B397-8185234AB758}.Debug|x86.Build.0 = Debug|Win32
		{D7C46057-071C-4B7A-B397-8185234AB758}.Release|x64.ActiveCfg = Release|x64
		{D7C46057-071C-4B7A-B397-8185234AB758}.Release|x64.Build.0 = Release|x64
		{D7C46057-071C-4B7A-B397-8185234AB758}.Release|x86.ActiveCfg = Release|Win32
		{D7C46057-071C-4B7A-B397-8185234AB758}.Release|x86.Build.0 = Release|Win32
		{B69F1C8B-3C00-4D9E-8C27-6C6A5B4CBB95}.Debug|x64.ActiveCfg = Debug|x64
		{B69F1C8B-3C00-4D9E-8C27-6C6A5B4CBB95}.Debug|x64.Build.0 = Debug|x64
		{B69F1C8B-3C00-4D9E-8C27-6C6A5B4CBB95}.Debug|x86.ActiveCfg = Debug|Win32
		{B69F1C8B-3C00-4D9E-8C27-6C6A5B4CBB95}.Debug|x86.Build.0 = Debug|Win32
		{B69F1C8B-3C00-4D9E-8C27-6C6A5B4CBB95}.Release|x64.ActiveCfg = Release|x64
		{B69F1C8B-3C00-4D9E-8C27-6C6A5B4CBB95}.Release|x64.Build.0 = Release|x64
		{B69F1C8B-3C00-4D9E-8C27-6C6A5B4CBB95}.Release|x86.ActiveCfg = Release|Win32
		{B69F1C8B-3C00-4D9E-8C27-6C6A5B4CBB95}.Release|x86.Build.0 = Release|Win32
		{0F5381D5-E27F-4A1A-B6B2-9FB2A06F0846}.Debug|x64.ActiveCfg = Debug|x64
		{0F5381D5-E27F-4A1A-B6B2-9FB2A06F0846}.Debug|x64.Build.0 = Debug|x64
		{0F5381D5-E27F-4A1A-B6B2-9FB2A06F0846}.Debug|x86.ActiveCfg = Debug|Win32
		{0F5381D5-E27F-4A1A-B6B2-9FB2A06F0846}.Debug|x86.Build.0 = Debug|Win32
		{0F5381D5-E27F-4A1A-B6B2-9FB2A06F0846}.Release|x64.ActiveCfg = Release|x64
		{0F5381D5-E27F-4A1A-B6B2-9FB2A06F0846}.Release|x64.Build.0 = Release|x64
		{0F5381D5-E27F-4A1A-B6B2-9FB2A06F0846}.Release|x86.ActiveCfg = Release|Win32
		{0F5381D5-E27F-4A1A-B6B2-9FB2A06F0846}.Release|x86.Build.0 = Release|Win32
		{19390B8A-9A03-4A41-B054-24D5589D6CAE}.Debug|x64.ActiveCfg = Debug|x64
		{19390B8A-9A03-4A41-B054-24D5589D6CAE}.Debug|x64.Build.0 = Debug|x64
		{19390B8A-9A03-4A41-B054-24D5589D6CAE}.Debug|x86.ActiveCfg = Debug|Win32
		{19390B8A-9A03-4A41-B054-24D5589D6CAE}.Debug|x86.Build.0 = Debug|Win32
		{19390B8A-9A03-4A41-B054-24D5589D6CAE}.Release|x64.ActiveCfg = Release|x64
		{19390B8A-9A03-4A41-B054-24D5589D6CAE}.Release|x64.Build.0 = Release|x64
		{19390B8A-9A03-4A41-B054-24D5589D6CAE}.Release|x86.ActiveCfg = Release|Win32
		{19390B8A-9A03-4A41-B054-24D5589D6CAE}.Release|x86.Build.0 = Release|Win32
		{1FC004ED-21D2-4845-83FC-0746C5271E53}.Debug|x64.ActiveCfg = Debug|x64
		{1FC004ED-21D2-4845-83FC-0746C5271E53}.Debug|x64.Build.0 = Debug|x64
		{1FC004ED-21D2-4845-83FC-0746C5271E53}.Debug|x86.ActiveCfg = Debug|Win32
		{1FC004ED-21D2-4845-83FC-0746C5271E53}.Debug|x86.Build.0 = Debug|Win32
		{1FC004ED-21D2-4845-83FC-0746C5271E53}.Release|x64.ActiveCfg = Release|x64
		{1FC004ED-21D2-4845-83FC-0746C5271E53}.Release|x64.Build.0 = Release|x64
		{1FC004ED-21D2-4845-83FC-0746C5271E53}.Release|x86.ActiveCfg = Release|Win32
		{1FC004ED-21D2-4845-83FC-0746C5271E53}.Release|x86.Build.0 = Release|Win32
		{8432B1FC-A8B2-48BC-88B2-430866DEDF63}.Debug|x64.ActiveCfg = Debug|x64
		{8432B1FC-A8B2-48BC-88B2-430866DEDF63}.Debug|x64.Build.0 = Debug|x64
		{8432B1FC-A8B2-48BC-88B2-430866DEDF63}.Debug|x86.ActiveCfg = Debug|Win32
		{8432B1FC-A8B2-48BC-88B2-430866DEDF63}.Debug|x86.Build.0 = Debug|Win32
		{8432B1FC-A8B2-48BC-88B2-430866DEDF63}.Release|x64.ActiveCfg = Release|x64
		{8432B1FC-A8B2-48BC-88B2-430866DEDF63}.Release|x64.Build.0 = Release|x64
		{8432B1FC-A8B2-48BC-88B2-430866DEDF63}.Release|x86.ActiveCfg = Release|Win32
		{8432B1FC-A8B2-48BC-88B2-430866DEDF63}.Release|x86.Build.0 = Release|Win32
		{FD7FE6FC-83DD-4BE0-B683-159C6EF09978}.Debug|x64.ActiveCfg = Debug|x64
		{FD7FE6FC-83DD-4BE0-B683-159C6EF09978}.Debug|x64.Build.0 = Debug|x64
		{FD7FE6FC-83DD-4BE0-B683-159C6EF09978}.Debug|x86.ActiveCfg = Debug|Win32
		{FD7FE6FC-83DD-4BE0-B683-159C6EF09978}.Debug|x86.Build.0 = Debug|Win32
		{FD7FE6FC-83DD-4BE0-B683-159C6EF09978}.Release|x64.ActiveCfg = Release|x64
		{FD7FE6FC-83DD-4BE0-B683-159C6EF09978}.Release|x64.Build.0 = Release|x64
		{FD7FE6FC-83DD-4BE0-B683-159C6EF09978}.Release|x86.ActiveCfg = Release|Win32
		{FD7FE6FC-83DD-4BE0-B683-159C6EF09978}.Release|x86.Build.0 = Release|Win32
		{FBEE9B2F-D13B-4ACA-B871-A04E3F7A4710}.Debug|x64.ActiveCfg = Debug|x64
		{FBEE9B2F-D13B-4ACA-B871-A04E3F7A4710}.Debug|x64.Build.0 = Debug|x64
		{FBEE9B2F-D13B-4ACA-B871-A04E3F7A4710}.Debug|x86.ActiveCfg = Debug|Win32
		{FBEE9B2F-D13B-4ACA-B871-A04E3F7A4710}.Debug|x86.Build.0 = Debug|Win32
		{FBEE9B2F-D13B-4ACA-B871-A04E3F7A4710}.Release|x64.ActiveCfg = Release|x64
		{FBEE9B2F-D13B-4ACA-B871-A04E3F7A4710}.Release|x64.Build.0 = Release|x64
		{FBEE9B2F-D13B-4ACA-B871-A04E3F7A4710}.Release|x86.ActiveCfg = Release|Win32
		{FBEE9B2F-D13B-4ACA-B871-A04E3F7A4710}.Release|x86.Build.0 = Release|Win32
		{56736513-0D30-4AFC-89FC-9A676147B7DA}.Debug|x64.ActiveCfg = Debug|x64
		{56736513-0D30-4AFC-89FC-9A676147B7DA}.Debug|x64.Build.0 = Debug|x64
		{56736513-0D30-4AFC-89FC-9A676147B7DA}.Debug|x64.Deploy.0 = Debug|x64
		{56736513-0D30-4AFC-89FC-9A676147B7DA}.Debug|x86.ActiveCfg = Debug|Win32
		{56736513-0D30-4AFC-89FC-9A676147B7DA}.Debug|x86.Build.0 = Debug|Win32
		{56736513-0D30-4AFC-89FC-9A676147B7DA}.Debug|x86.Deploy.0 = Debug|Win32
		{56736513-0D30-4AFC-89FC-9A676147B7DA}.Release|x64.ActiveCfg = Release|x64
		{56736513-0D30-4AFC-89FC-9A676147B7DA}.Release|x64.Build.0 = Release|x64
		{56736513-0D30-4AFC-89FC-9A676147B7DA}.Release|x64.Deploy.0 = Release|x64
		{56736513-0D30-4AFC-89FC-9A676147B7DA}.Release|x86.ActiveCfg = Release|Win32
		{56736513-0D30-4AFC-89FC-9A676147B7DA}.Release|x86.Build.0 = Release|Win32
		{56736513-0D30-4AFC-89FC-9A676147B7DA}.Release|x86.Deploy.0 = Release|Win32
	EndGlobalSection
	GlobalSection(SolutionProperties) = preSolution
		HideSolutionNode = FALSE
	EndGlobalSection
	GlobalSection(NestedProjects) = preSolution
		{D7C46057-071C-4B7A-B397-8185234AB758} = {A6EEF765-3C6A-4CA7-BE4D-F12DDEAF3F37}
		{B69F1C8B-3C00-4D9E-8C27-6C6A5B4CBB95} = {A6EEF765-3C6A-4CA7-BE4D-F12DDEAF3F37}
		{0F5381D5-E27F-4A1A-B6B2-9FB2A06F0846} = {A6EEF765-3C6A-4CA7-BE4D-F12DDEAF3F37}
		{19390B8A-9A03-4A41-B054-24D5589D6CAE} = {A6EEF765-3C6A-4CA7-BE4D-F12DDEAF3F37}
		{1FC004ED-21D2-4845-83FC-0746C5271E53} = {EDCB22AF-6E4B-404B-AC2C-6D924F7EC346}
		{8432B1FC-A8B2-48BC-88B2-430866DEDF63} = {A6EEF765-3C6A-4CA7-BE4D-F12DDEAF3F37}
		{FD7FE6FC-83DD-4BE0-B683-159C6EF09978} = {A6EEF765-3C6A-4CA7-BE4D-F12DDEAF3F37}
		{FBEE9B2F-D13B-4ACA-B871-A04E3F7A4710} = {A6EEF765-3C6A-4CA7-BE4D-F12DDEAF3F37}
		{56736513-0D30-4AFC-89FC-9A676147B7DA} = {EDCB22AF-6E4B-404B-AC2C-6D924F7EC346}
	EndGlobalSection
EndGlobal
