
Microsoft Visual Studio Solution File, Format Version 12.00
# Visual Studio 14
VisualStudioVersion = 14.0.25420.1
MinimumVisualStudioVersion = 10.0.40219.1
Project("{2150E333-8FDC-42A3-9474-1A3956D46DE8}") = "lib", "lib", "{A6EEF765-3C6A-4CA7-BE4D-F12DDEAF3F37}"
EndProject
Project("{8BC9CEB8-8B4A-11D0-8D11-00A0C91BC942}") = "common", "..\lib\common\common.vcxproj", "{0770E726-C080-4986-AADC-DD7D38148393}"
EndProject
Project("{8BC9CEB8-8B4A-11D0-8D11-00A0C91BC942}") = "crypto", "..\lib\crypto\crypto.vcxproj", "{D7C46057-071C-4B7A-B397-8185234AB758}"
EndProject
Project("{8BC9CEB8-8B4A-11D0-8D11-00A0C91BC942}") = "ctr", "..\lib\ctr\ctr.vcxproj", "{B69F1C8B-3C00-4D9E-8C27-6C6A5B4CBB95}"
EndProject
Project("{8BC9CEB8-8B4A-11D0-8D11-00A0C91BC942}") = "ctr_icon", "..\lib\ctr_icon\ctr_icon.vcxproj", "{3597C367-8040-47A2-B8E9-A5BAD9C74577}"
EndProject
Project("{8BC9CEB8-8B4A-11D0-8D11-00A0C91BC942}") = "es", "..\lib\es\es.vcxproj", "{0F5381D5-E27F-4A1A-B6B2-9FB2A06F0846}"
EndProject
Project("{8BC9CEB8-8B4A-11D0-8D11-00A0C91BC942}") = "oschar", "..\lib\oschar\oschar.vcxproj", "{8DF88F4D-831F-4A47-847D-E97E50FB60DD}"
EndProject
Project("{8BC9CEB8-8B4A-11D0-8D11-00A0C91BC942}") = "yaml", "..\lib\yaml\yaml.vcxproj", "{19390B8A-9A03-4A41-B054-24D5589D6CAE}"
EndProject
Project("{2150E333-8FDC-42A3-9474-1A3956D46DE8}") = "programs", "programs", "{EDCB22AF-6E4B-404B-AC2C-6D924F7EC346}"
EndProject
Project("{8BC9CEB8-8B4A-11D0-8D11-00A0C91BC942}") = "ctr_makecsucia", "..\src\ctr_makecsucia\ctr_makecsucia.vcxproj", "{1FC004ED-21D2-4845-83FC-0746C5271E53}"
EndProject
Project("{8BC9CEB8-8B4A-11D0-8D11-00A0C91BC942}") = "ctr_readrom", "..\src\ctr_readrom\ctr_readrom.vcxproj", "{F654A77E-471B-4392-A8FA-04F65580DC82}"
EndProject
Project("{2150E333-8FDC-42A3-9474-1A3956D46DE8}") = "Solution Items", "Solution Items", "{10A6D959-2FED-4D22-9254-2C5EB625F34F}"
	ProjectSection(SolutionItems) = preProject
		..\.gitignore = ..\.gitignore
	EndProjectSection
EndProject
Global
	GlobalSection(SolutionConfigurationPlatforms) = preSolution
		Debug|x64 = Debug|x64
		Debug|x86 = Debug|x86
		Release|x64 = Release|x64
		Release|x86 = Release|x86
	EndGlobalSection
	GlobalSection(ProjectConfigurationPlatforms) = postSolution
		{0770E726-C080-4986-AADC-DD7D38148393}.Debug|x64.ActiveCfg = Debug|x64
		{0770E726-C080-4986-AADC-DD7D38148393}.Debug|x64.Build.0 = Debug|x64
		{0770E726-C080-4986-AADC-DD7D38148393}.Debug|x86.ActiveCfg = Debug|Win32
		{0770E726-C080-4986-AADC-DD7D38148393}.Debug|x86.Build.0 = Debug|Win32
		{0770E726-C080-4986-AADC-DD7D38148393}.Release|x64.ActiveCfg = Release|x64
		{0770E726-C080-4986-AADC-DD7D38148393}.Release|x64.Build.0 = Release|x64
		{0770E726-C080-4986-AADC-DD7D38148393}.Release|x86.ActiveCfg = Release|Win32
		{0770E726-C080-4986-AADC-DD7D38148393}.Release|x86.Build.0 = Release|Win32
		{D7C46057-071C-4B7A-B397-8185234AB758}.Debug|x64.ActiveCfg = Debug|x64
		{D7C46057-071C-4B7A-B397-8185234AB758}.Debug|x64.Build.0 = Debug|x64
		{D7C46057-071C-4B7A-B397-8185234AB758}.Debug|x86.ActiveCfg = Debug|Win32
		{D7C46057-071C-4B7A-B397-8185234AB758}.Debug|x86.Build.0 = Debug|Win32
		{D7C46057-071C-4B7A-B397-8185234AB758}.Release|x64.ActiveCfg = Release|x64
		{D7C46057-071C-4B7A-B397-8185234AB758}.Release|x64.Build.0 = Release|x64
		{D7C46057-071C-4B7A-B397-8185234AB758}.Release|x86.ActiveCfg = Release|Win32
		{D7C46057-071C-4B7A-B397-8185234AB758}.Release|x86.Build.0 = Release|Win32
		{B69F1C8B-3C00-4D9E-8C27-6C6A5B4CBB95}.Debug|x64.ActiveCfg = Debug|x64
		{B69F1C8B-3C00-4D9E-8C27-6C6A5B4CBB95}.Debug|x64.Build.0 = Debug|x64
		{B69F1C8B-3C00-4D9E-8C27-6C6A5B4CBB95}.Debug|x86.ActiveCfg = Debug|Win32
		{B69F1C8B-3C00-4D9E-8C27-6C6A5B4CBB95}.Debug|x86.Build.0 = Debug|Win32
		{B69F1C8B-3C00-4D9E-8C27-6C6A5B4CBB95}.Release|x64.ActiveCfg = Release|x64
		{B69F1C8B-3C00-4D9E-8C27-6C6A5B4CBB95}.Release|x64.Build.0 = Release|x64
		{B69F1C8B-3C00-4D9E-8C27-6C6A5B4CBB95}.Release|x86.ActiveCfg = Release|Win32
		{B69F1C8B-3C00-4D9E-8C27-6C6A5B4CBB95}.Release|x86.Build.0 = Release|Win32
		{3597C367-8040-47A2-B8E9-A5BAD9C74577}.Debug|x64.ActiveCfg = Debug|x64
		{3597C367-8040-47A2-B8E9-A5BAD9C74577}.Debug|x64.Build.0 = Debug|x64
		{3597C367-8040-47A2-B8E9-A5BAD9C74577}.Debug|x86.ActiveCfg = Debug|Win32
		{3597C367-8040-47A2-B8E9-A5BAD9C74577}.Debug|x86.Build.0 = Debug|Win32
		{3597C367-8040-47A2-B8E9-A5BAD9C74577}.Release|x64.ActiveCfg = Release|x64
		{3597C367-8040-47A2-B8E9-A5BAD9C74577}.Release|x64.Build.0 = Release|x64
		{3597C367-8040-47A2-B8E9-A5BAD9C74577}.Release|x86.ActiveCfg = Release|Win32
		{3597C367-8040-47A2-B8E9-A5BAD9C74577}.Release|x86.Build.0 = Release|Win32
		{0F5381D5-E27F-4A1A-B6B2-9FB2A06F0846}.Debug|x64.ActiveCfg = Debug|x64
		{0F5381D5-E27F-4A1A-B6B2-9FB2A06F0846}.Debug|x64.Build.0 = Debug|x64
		{0F5381D5-E27F-4A1A-B6B2-9FB2A06F0846}.Debug|x86.ActiveCfg = Debug|Win32
		{0F5381D5-E27F-4A1A-B6B2-9FB2A06F0846}.Debug|x86.Build.0 = Debug|Win32
		{0F5381D5-E27F-4A1A-B6B2-9FB2A06F0846}.Release|x64.ActiveCfg = Release|x64
		{0F5381D5-E27F-4A1A-B6B2-9FB2A06F0846}.Release|x64.Build.0 = Release|x64
		{0F5381D5-E27F-4A1A-B6B2-9FB2A06F0846}.Release|x86.ActiveCfg = Release|Win32
		{0F5381D5-E27F-4A1A-B6B2-9FB2A06F0846}.Release|x86.Build.0 = Release|Win32
		{8DF88F4D-831F-4A47-847D-E97E50FB60DD}.Debug|x64.ActiveCfg = Debug|x64
		{8DF88F4D-831F-4A47-847D-E97E50FB60DD}.Debug|x64.Build.0 = Debug|x64
		{8DF88F4D-831F-4A47-847D-E97E50FB60DD}.Debug|x86.ActiveCfg = Debug|Win32
		{8DF88F4D-831F-4A47-847D-E97E50FB60DD}.Debug|x86.Build.0 = Debug|Win32
		{8DF88F4D-831F-4A47-847D-E97E50FB60DD}.Release|x64.ActiveCfg = Release|x64
		{8DF88F4D-831F-4A47-847D-E97E50FB60DD}.Release|x64.Build.0 = Release|x64
		{8DF88F4D-831F-4A47-847D-E97E50FB60DD}.Release|x86.ActiveCfg = Release|Win32
		{8DF88F4D-831F-4A47-847D-E97E50FB60DD}.Release|x86.Build.0 = Release|Win32
		{19390B8A-9A03-4A41-B054-24D5589D6CAE}.Debug|x64.ActiveCfg = Debug|x64
		{19390B8A-9A03-4A41-B054-24D5589D6CAE}.Debug|x64.Build.0 = Debug|x64
		{19390B8A-9A03-4A41-B054-24D5589D6CAE}.Debug|x86.ActiveCfg = Debug|Win32
		{19390B8A-9A03-4A41-B054-24D5589D6CAE}.Debug|x86.Build.0 = Debug|Win32
		{19390B8A-9A03-4A41-B054-24D5589D6CAE}.Release|x64.ActiveCfg = Release|x64
		{19390B8A-9A03-4A41-B054-24D5589D6CAE}.Release|x64.Build.0 = Release|x64
		{19390B8A-9A03-4A41-B054-24D5589D6CAE}.Release|x86.ActiveCfg = Release|Win32
		{19390B8A-9A03-4A41-B054-24D5589D6CAE}.Release|x86.Build.0 = Release|Win32
		{1FC004ED-21D2-4845-83FC-0746C5271E53}.Debug|x64.ActiveCfg = Debug|x64
		{1FC004ED-21D2-4845-83FC-0746C5271E53}.Debug|x64.Build.0 = Debug|x64
		{1FC004ED-21D2-4845-83FC-0746C5271E53}.Debug|x86.ActiveCfg = Debug|Win32
		{1FC004ED-21D2-4845-83FC-0746C5271E53}.Debug|x86.Build.0 = Debug|Win32
		{1FC004ED-21D2-4845-83FC-0746C5271E53}.Release|x64.ActiveCfg = Release|x64
		{1FC004ED-21D2-4845-83FC-0746C5271E53}.Release|x64.Build.0 = Release|x64
		{1FC004ED-21D2-4845-83FC-0746C5271E53}.Release|x86.ActiveCfg = Release|Win32
		{1FC004ED-21D2-4845-83FC-0746C5271E53}.Release|x86.Build.0 = Release|Win32
		{F654A77E-471B-4392-A8FA-04F65580DC82}.Debug|x64.ActiveCfg = Debug|x64
		{F654A77E-471B-4392-A8FA-04F65580DC82}.Debug|x64.Build.0 = Debug|x64
		{F654A77E-471B-4392-A8FA-04F65580DC82}.Debug|x86.ActiveCfg = Debug|Win32
		{F654A77E-471B-4392-A8FA-04F65580DC82}.Debug|x86.Build.0 = Debug|Win32
		{F654A77E-471B-4392-A8FA-04F65580DC82}.Release|x64.ActiveCfg = Release|x64
		{F654A77E-471B-4392-A8FA-04F65580DC82}.Release|x64.Build.0 = Release|x64
		{F654A77E-471B-4392-A8FA-04F65580DC82}.Release|x86.ActiveCfg = Release|Win32
		{F654A77E-471B-4392-A8FA-04F65580DC82}.Release|x86.Build.0 = Release|Win32
	EndGlobalSection
	GlobalSection(SolutionProperties) = preSolution
		HideSolutionNode = FALSE
	EndGlobalSection
	GlobalSection(NestedProjects) = preSolution
		{0770E726-C080-4986-AADC-DD7D38148393} = {A6EEF765-3C6A-4CA7-BE4D-F12DDEAF3F37}
		{D7C46057-071C-4B7A-B397-8185234AB758} = {A6EEF765-3C6A-4CA7-BE4D-F12DDEAF3F37}
		{B69F1C8B-3C00-4D9E-8C27-6C6A5B4CBB95} = {A6EEF765-3C6A-4CA7-BE4D-F12DDEAF3F37}
		{3597C367-8040-47A2-B8E9-A5BAD9C74577} = {A6EEF765-3C6A-4CA7-BE4D-F12DDEAF3F37}
		{0F5381D5-E27F-4A1A-B6B2-9FB2A06F0846} = {A6EEF765-3C6A-4CA7-BE4D-F12DDEAF3F37}
		{8DF88F4D-831F-4A47-847D-E97E50FB60DD} = {A6EEF765-3C6A-4CA7-BE4D-F12DDEAF3F37}
		{19390B8A-9A03-4A41-B054-24D5589D6CAE} = {A6EEF765-3C6A-4CA7-BE4D-F12DDEAF3F37}
		{1FC004ED-21D2-4845-83FC-0746C5271E53} = {EDCB22AF-6E4B-404B-AC2C-6D924F7EC346}
		{F654A77E-471B-4392-A8FA-04F65580DC82} = {EDCB22AF-6E4B-404B-AC2C-6D924F7EC346}
	EndGlobalSection
EndGlobal
