<?xml version="1.0" encoding="utf-8"?>
<Project ToolsVersion="4.0" xmlns="http://schemas.microsoft.com/developer/msbuild/2003">
  <ItemGroup>
    <Filter Include="Source Files">
      <UniqueIdentifier>{4FC737F1-C7A5-4376-A066-2A32D752A2FF}</UniqueIdentifier>
      <Extensions>cpp;c;cc;cxx;def;odl;idl;hpj;bat;asm;asmx</Extensions>
    </Filter>
    <Filter Include="Header Files">
      <UniqueIdentifier>{93995380-89BD-4b04-88EB-625FBE52EBFB}</UniqueIdentifier>
      <Extensions>h;hh;hpp;hxx;hm;inl;inc;xsd</Extensions>
    </Filter>
    <Filter Include="Resource Files">
      <UniqueIdentifier>{67DA6AB6-F800-4c08-8B7A-83BB121AAD01}</UniqueIdentifier>
      <Extensions>rc;ico;cur;bmp;dlg;rc2;rct;bin;rgs;gif;jpg;jpeg;jpe;resx;tiff;tif;png;wav;mfcribbon-ms</Extensions>
    </Filter>
  </ItemGroup>
  <ItemGroup>
    <ClInclude Include="cia_builder.h">
      <Filter>Header Files</Filter>
    </ClInclude>
    <ClInclude Include="cia_header.h">
      <Filter>Header Files</Filter>
    </ClInclude>
    <ClInclude Include="ncch_header.h">
      <Filter>Header Files</Filter>
    </ClInclude>
    <ClInclude Include="smdh.h">
      <Filter>Header Files</Filter>
    </ClInclude>
    <ClInclude Include="cia_reader.h">
      <Filter>Header Files</Filter>
    </ClInclude>
    <ClInclude Include="cia_footer.h">
      <Filter>Header Files</Filter>
    </ClInclude>
    <ClInclude Include="ctr_program_id.h">
      <Filter>Header Files</Filter>
    </ClInclude>
    <ClInclude Include="ctr_tmd_reserved_data.h">
      <Filter>Header Files</Filter>
    </ClInclude>
    <ClInclude Include="cci_header.h">
      <Filter>Header Files</Filter>
    </ClInclude>
    <ClInclude Include="card_info_header.h">
      <Filter>Header Files</Filter>
    </ClInclude>
    <ClInclude Include="extended_header.h">
      <Filter>Header Files</Filter>
    </ClInclude>
    <ClInclude Include="system_control_info.h">
      <Filter>Header Files</Filter>
    </ClInclude>
    <ClInclude Include="arm11_local_caps.h">
      <Filter>Header Files</Filter>
    </ClInclude>
    <ClInclude Include="arm11_kernel_caps.h">
      <Filter>Header Files</Filter>
    </ClInclude>
    <ClInclude Include="arm9_access_control.h">
      <Filter>Header Files</Filter>
    </ClInclude>
    <ClInclude Include="access_descriptor.h">
      <Filter>Header Files</Filter>
    </ClInclude>
    <ClInclude Include="exefs_header.h">
      <Filter>Header Files</Filter>
    </ClInclude>
    <ClInclude Include="ctr_crypto.h">
      <Filter>Header Files</Filter>
    </ClInclude>
    <ClInclude Include="ivfc_header.h">
      <Filter>Header Files</Filter>
    </ClInclude>
    <ClInclude Include="romfs_header.h">
      <Filter>Header Files</Filter>
    </ClInclude>
    <ClInclude Include="romfs_file_tree.h">
      <Filter>Header Files</Filter>
    </ClInclude>
    <ClInclude Include="romfs_directory_node.h">
      <Filter>Header Files</Filter>
    </ClInclude>
    <ClInclude Include="romfs_file_node.h">
      <Filter>Header Files</Filter>
    </ClInclude>
  </ItemGroup>
  <ItemGroup>
    <ClCompile Include="cia_builder.cpp">
      <Filter>Source Files</Filter>
    </ClCompile>
    <ClCompile Include="cia_header.cpp">
      <Filter>Source Files</Filter>
    </ClCompile>
    <ClCompile Include="ncch_header.cpp">
      <Filter>Source Files</Filter>
    </ClCompile>
    <ClCompile Include="smdh.cpp">
      <Filter>Source Files</Filter>
    </ClCompile>
    <ClCompile Include="cia_reader.cpp">
      <Filter>Source Files</Filter>
    </ClCompile>
    <ClCompile Include="cia_footer.cpp">
      <Filter>Source Files</Filter>
    </ClCompile>
    <ClCompile Include="cci_header.cpp">
      <Filter>Source Files</Filter>
    </ClCompile>
    <ClCompile Include="card_info_header.cpp">
      <Filter>Source Files</Filter>
    </ClCompile>
    <ClCompile Include="extended_header.cpp">
      <Filter>Source Files</Filter>
    </ClCompile>
    <ClCompile Include="system_control_info.cpp">
      <Filter>Source Files</Filter>
    </ClCompile>
    <ClCompile Include="arm11_local_caps.cpp">
      <Filter>Source Files</Filter>
    </ClCompile>
    <ClCompile Include="arm11_kernel_caps.cpp">
      <Filter>Source Files</Filter>
    </ClCompile>
    <ClCompile Include="arm9_access_control.cpp">
      <Filter>Source Files</Filter>
    </ClCompile>
    <ClCompile Include="access_descriptor.cpp">
      <Filter>Source Files</Filter>
    </ClCompile>
    <ClCompile Include="exefs_header.cpp">
      <Filter>Source Files</Filter>
    </ClCompile>
    <ClCompile Include="ctr_crypto.cpp">
      <Filter>Source Files</Filter>
    </ClCompile>
    <ClCompile Include="ivfc_header.cpp">
      <Filter>Source Files</Filter>
    </ClCompile>
    <ClCompile Include="code_binary.cpp">
      <Filter>Source Files</Filter>
    </ClCompile>
    <ClCompile Include="romfs_header.cpp">
      <Filter>Source Files</Filter>
    </ClCompile>
    <ClCompile Include="romfs_file_tree.cpp">
      <Filter>Source Files</Filter>
    </ClCompile>
    <ClCompile Include="romfs_directory_node.cpp">
      <Filter>Source Files</Filter>
    </ClCompile>
    <ClCompile Include="romfs_file_node.cpp">
      <Filter>Source Files</Filter>
    </ClCompile>
  </ItemGroup>
  <ItemGroup>
    <None Include="makefile" />
  </ItemGroup>
</Project>